
Microsoft Visual Studio Solution File, Format Version 12.00
# Visual Studio 2013
VisualStudioVersion = 12.0.21005.1
MinimumVisualStudioVersion = 10.0.40219.1
Project("{FAE04EC0-301F-11D3-BF4B-00C04F79EFBC}") = "GeoSearch", "GeoSearch\GeoSearch.csproj", "{5EF05DAE-DF70-49E8-9EBF-EBC97F7E19E0}"
	ProjectSection(ProjectDependencies) = postProject
		{00FE125A-6769-462D-AE0C-5DEE0C05C799} = {00FE125A-6769-462D-AE0C-5DEE0C05C799}
	EndProjectSection
EndProject
Project("{FAE04EC0-301F-11D3-BF4B-00C04F79EFBC}") = "GeoSearch.Web", "GeoSearch.Web\GeoSearch.Web.csproj", "{00FE125A-6769-462D-AE0C-5DEE0C05C799}"
EndProject
Project("{CC5FD16D-436D-48AD-A40C-5A424C6E3E79}") = "WindowsAzure1", "WindowsAzure1\WindowsAzure1.ccproj", "{0BD5D98F-EB35-4486-A9F3-F5ED75AC433E}"
EndProject
Global
	GlobalSection(SolutionConfigurationPlatforms) = preSolution
		Debug|Any CPU = Debug|Any CPU
		Release|Any CPU = Release|Any CPU
	EndGlobalSection
	GlobalSection(ProjectConfigurationPlatforms) = postSolution
		{5EF05DAE-DF70-49E8-9EBF-EBC97F7E19E0}.Debug|Any CPU.ActiveCfg = Debug|Any CPU
		{5EF05DAE-DF70-49E8-9EBF-EBC97F7E19E0}.Debug|Any CPU.Build.0 = Debug|Any CPU
		{5EF05DAE-DF70-49E8-9EBF-EBC97F7E19E0}.Release|Any CPU.ActiveCfg = Release|Any CPU
		{5EF05DAE-DF70-49E8-9EBF-EBC97F7E19E0}.Release|Any CPU.Build.0 = Release|Any CPU
		{00FE125A-6769-462D-AE0C-5DEE0C05C799}.Debug|Any CPU.ActiveCfg = Debug|Any CPU
		{00FE125A-6769-462D-AE0C-5DEE0C05C799}.Debug|Any CPU.Build.0 = Debug|Any CPU
		{00FE125A-6769-462D-AE0C-5DEE0C05C799}.Release|Any CPU.ActiveCfg = Release|Any CPU
		{00FE125A-6769-462D-AE0C-5DEE0C05C799}.Release|Any CPU.Build.0 = Release|Any CPU
		{0BD5D98F-EB35-4486-A9F3-F5ED75AC433E}.Debug|Any CPU.ActiveCfg = Debug|Any CPU
		{0BD5D98F-EB35-4486-A9F3-F5ED75AC433E}.Debug|Any CPU.Build.0 = Debug|Any CPU
		{0BD5D98F-EB35-4486-A9F3-F5ED75AC433E}.Release|Any CPU.ActiveCfg = Release|Any CPU
		{0BD5D98F-EB35-4486-A9F3-F5ED75AC433E}.Release|Any CPU.Build.0 = Release|Any CPU
	EndGlobalSection
	GlobalSection(SolutionProperties) = preSolution
		HideSolutionNode = FALSE
	EndGlobalSection
EndGlobal
